
Microsoft Visual Studio Solution File, Format Version 12.00
# Visual Studio Version 16
VisualStudioVersion = 16.0.33328.57
MinimumVisualStudioVersion = 10.0.40219.1
Project("{FAE04EC0-301F-11D3-BF4B-00C04F79EFBC}") = "EmpTest", "EmpTest.csproj", "{E2BE5A81-065A-44E4-A4AB-C6EDA1F651ED}"
EndProject
Global
	GlobalSection(SolutionConfigurationPlatforms) = preSolution
		Debug|Any CPU = Debug|Any CPU
		Release|Any CPU = Release|Any CPU
	EndGlobalSection
	GlobalSection(ProjectConfigurationPlatforms) = postSolution
		{E2BE5A81-065A-44E4-A4AB-C6EDA1F651ED}.Debug|Any CPU.ActiveCfg = Debug|Any CPU
		{E2BE5A81-065A-44E4-A4AB-C6EDA1F651ED}.Debug|Any CPU.Build.0 = Debug|Any CPU
		{E2BE5A81-065A-44E4-A4AB-C6EDA1F651ED}.Release|Any CPU.ActiveCfg = Release|Any CPU
		{E2BE5A81-065A-44E4-A4AB-C6EDA1F651ED}.Release|Any CPU.Build.0 = Release|Any CPU
	EndGlobalSection
	GlobalSection(SolutionProperties) = preSolution
		HideSolutionNode = FALSE
	EndGlobalSection
	GlobalSection(ExtensibilityGlobals) = postSolution
		SolutionGuid = {E21C606B-FF8F-447E-B62E-C2CB1AAFBF01}
	EndGlobalSection
EndGlobal
